
Microsoft Visual Studio Solution File, Format Version 12.00
# Visual Studio 15
VisualStudioVersion = 15.0.27130.2036
MinimumVisualStudioVersion = 10.0.40219.1
Project("{FAE04EC0-301F-11D3-BF4B-00C04F79EFBC}") = "SammysAuto", "SammysAuto\SammysAuto.csproj", "{BF7E5361-EC7B-4B2B-9ECB-FD1706768722}"
EndProject
Global
	GlobalSection(SolutionConfigurationPlatforms) = preSolution
		Debug|Any CPU = Debug|Any CPU
		Release|Any CPU = Release|Any CPU
	EndGlobalSection
	GlobalSection(ProjectConfigurationPlatforms) = postSolution
		{BF7E5361-EC7B-4B2B-9ECB-FD1706768722}.Debug|Any CPU.ActiveCfg = Debug|Any CPU
		{BF7E5361-EC7B-4B2B-9ECB-FD1706768722}.Debug|Any CPU.Build.0 = Debug|Any CPU
		{BF7E5361-EC7B-4B2B-9ECB-FD1706768722}.Release|Any CPU.ActiveCfg = Release|Any CPU
		{BF7E5361-EC7B-4B2B-9ECB-FD1706768722}.Release|Any CPU.Build.0 = Release|Any CPU
	EndGlobalSection
	GlobalSection(SolutionProperties) = preSolution
		HideSolutionNode = FALSE
	EndGlobalSection
	GlobalSection(ExtensibilityGlobals) = postSolution
		SolutionGuid = {F6D8E147-FDC6-4E1E-991F-DD59113181E6}
	EndGlobalSection
EndGlobal
